
Microsoft Visual Studio Solution File, Format Version 12.00
# Visual Studio Version 17
VisualStudioVersion = 17.4.33403.182
MinimumVisualStudioVersion = 10.0.40219.1
Project("{FAE04EC0-301F-11D3-BF4B-00C04F79EFBC}") = "WalletAppBackend", "WalletAppBackend.csproj", "{181FA486-3DBF-4FAE-829E-FEBD8910DDBD}"
EndProject
Global
	GlobalSection(SolutionConfigurationPlatforms) = preSolution
		Debug|Any CPU = Debug|Any CPU
		Release|Any CPU = Release|Any CPU
	EndGlobalSection
	GlobalSection(ProjectConfigurationPlatforms) = postSolution
		{181FA486-3DBF-4FAE-829E-FEBD8910DDBD}.Debug|Any CPU.ActiveCfg = Debug|Any CPU
		{181FA486-3DBF-4FAE-829E-FEBD8910DDBD}.Debug|Any CPU.Build.0 = Debug|Any CPU
		{181FA486-3DBF-4FAE-829E-FEBD8910DDBD}.Release|Any CPU.ActiveCfg = Release|Any CPU
		{181FA486-3DBF-4FAE-829E-FEBD8910DDBD}.Release|Any CPU.Build.0 = Release|Any CPU
	EndGlobalSection
	GlobalSection(SolutionProperties) = preSolution
		HideSolutionNode = FALSE
	EndGlobalSection
	GlobalSection(ExtensibilityGlobals) = postSolution
		SolutionGuid = {C2D17585-5AA4-4833-B492-333B27EB8AC2}
	EndGlobalSection
EndGlobal
